# Code generated by scarb DO NOT EDIT.
version = 1

[[package]]
name = "dojo"
version = "1.8.0"
dependencies = [
 "dojo_cairo_macros",
]

[[package]]
name = "dojo_cairo_macros"
version = "1.8.0"

[[package]]
name = "dojo_snf_test"
version = "1.8.0"
dependencies = [
 "dojo",
 "snforge_std",
]

[[package]]
name = "snforge_scarb_plugin"
version = "0.55.0"
source = "registry+https://scarbs.xyz/"
checksum = "sha256:638535780a23d1491c2438e64045c479d16de6a69e41ad17ac065272c485873b"

[[package]]
name = "snforge_std"
version = "0.55.0"
source = "registry+https://scarbs.xyz/"
checksum = "sha256:a04b0bf731f02307506dad368713099e701565edd9b98b044ca54b932c29ef74"
dependencies = [
 "snforge_scarb_plugin",
]
