# Code generated by scarb DO NOT EDIT.
version = 1

[[package]]
name = "cubit"
version = "1.2.0"
source = "git+https://github.com/ponderingdemocritus/cubit#9c3bbdfee7b165ab06ac8cc7046ce4d4c8866bfc"

[[package]]
name = "dojo"
version = "0.3.3"
dependencies = [
 "dojo_plugin",
]

[[package]]
name = "dojo_defi"
version = "0.3.3"
dependencies = [
 "cubit",
 "dojo",
]

[[package]]
name = "dojo_plugin"
version = "0.3.3"
