# Code generated by scarb DO NOT EDIT.
version = 1

[[package]]
name = "dojo"
version = "0.7.3"
dependencies = [
 "dojo_plugin",
]

[[package]]
name = "dojo_plugin"
version = "0.7.3"
source = "git+https://github.com/dojoengine/dojo?rev=71b1f1a4#71b1f1a467534cbeeb901356f41e612ed4187bd1"

[[package]]
name = "types_test"
version = "0.7.3"
dependencies = [
 "dojo",
]
