# Code generated by scarb DO NOT EDIT.
version = 1

[[package]]
name = "dojo"
version = "0.7.2"
dependencies = [
 "dojo_plugin",
]

[[package]]
name = "dojo_plugin"
version = "0.4.1"
source = "git+https://github.com/dojoengine/dojo?tag=v0.7.2#3da5cad9fdd39b81551e0668015d88262e6c5fc4"

[[package]]
name = "types_test"
version = "0.7.2"
dependencies = [
 "dojo",
]
