# Code generated by scarb DO NOT EDIT.
version = 1

[[package]]
name = "dojo"
version = "0.7.3"
dependencies = [
 "dojo_plugin",
]

[[package]]
name = "dojo_plugin"
version = "0.7.3"
source = "git+https://github.com/dojoengine/dojo?rev=d90b52b#d90b52b89749ac8af82f352dc08aa0b1378cfae6"

[[package]]
name = "types_test"
version = "0.7.3"
dependencies = [
 "dojo",
]
