# Code generated by scarb DO NOT EDIT.
version = 1

[[package]]
name = "armory"
version = "0.1.0"
dependencies = [
 "dojo",
]

[[package]]
name = "bestiary"
version = "0.1.0"
dependencies = [
 "dojo",
]

[[package]]
name = "dojo"
version = "1.0.11"
dependencies = [
 "dojo_plugin",
]

[[package]]
name = "dojo_cairo_test"
version = "1.0.0-rc.0"
dependencies = [
 "dojo",
]

[[package]]
name = "dojo_examples"
version = "1.0.11"
dependencies = [
 "armory",
 "bestiary",
 "dojo",
 "dojo_cairo_test",
]

[[package]]
name = "dojo_plugin"
version = "2.8.4"
