# Code generated by scarb DO NOT EDIT.
version = 1

[[package]]
name = "armory"
version = "0.1.0"
dependencies = [
 "dojo",
]

[[package]]
name = "bestiary"
version = "0.1.0"
dependencies = [
 "dojo",
]

[[package]]
name = "dojo"
version = "1.0.5"
dependencies = [
 "dojo_macros",
]

[[package]]
name = "dojo_examples"
version = "1.0.4"
dependencies = [
 "armory",
 "bestiary",
 "dojo",
 "dojo_foundry_test",
 "snforge_std",
]

[[package]]
name = "dojo_foundry_test"
version = "1.0.0-rc.0"
dependencies = [
 "dojo",
]

[[package]]
name = "dojo_examples"
version = "1.0.5"
dependencies = [
 "armory",
 "bestiary",
 "dojo",
 "dojo_cairo_test",
]

[[package]]
name = "dojo_macros"
version = "0.1.0"

[[package]]
name = "snforge_scarb_plugin"
version = "0.33.0"
source = "registry+https://scarbs.xyz/"
checksum = "sha256:b4dd6088372decd367652827091e0589bbf6bc550dfc3957baa3e9c61d6eb449"

[[package]]
name = "snforge_std"
version = "0.33.0"
source = "registry+https://scarbs.xyz/"
checksum = "sha256:f7dc3349f8a6ef4915c93df447a00bd5a53a31129fd0990a00afa0ad31d91b06"
dependencies = [
 "snforge_scarb_plugin",
]
