# Code generated by scarb DO NOT EDIT.
version = 1

[[package]]
name = "armory"
version = "0.1.0"
dependencies = [
 "dojo",
]

[[package]]
name = "bestiary"
version = "0.1.0"
dependencies = [
 "dojo",
]

[[package]]
name = "dojo"
version = "1.0.0-alpha.4"

[[package]]
name = "dojo_examples"
version = "1.0.0-alpha.8"
dependencies = [
 "armory",
 "bestiary",
 "dojo",
]
