# Code generated by scarb DO NOT EDIT.
version = 1

[[package]]
name = "dojo"
version = "1.5.1"
dependencies = [
 "dojo_plugin",
]

[[package]]
name = "dojo_benchmark"
version = "0.1.0"
dependencies = [
 "dojo",
 "dojo_cairo_test",
]

[[package]]
name = "dojo_cairo_test"
version = "1.0.12"
dependencies = [
 "dojo",
]

[[package]]
name = "dojo_plugin"
version = "2.10.1"
