# Code generated by scarb DO NOT EDIT.
version = 1

[[package]]
name = "armory"
version = "0.1.0"
dependencies = [
 "dojo",
]

[[package]]
name = "bestiary"
version = "0.1.0"
dependencies = [
 "dojo",
]

[[package]]
name = "dojo"
version = "1.0.0-alpha.4"
dependencies = [
 "dojo_plugin",
]

[[package]]
name = "dojo_plugin"
version = "1.0.0-alpha.4"
source = "git+https://github.com/dojoengine/dojo?rev=f15def33#f15def330c0d099e79351d11c197f63e8cc1ff36"
