# Code generated by scarb DO NOT EDIT.
version = 1

[[package]]
name = "cairo_verifier"
version = "0.1.0"
source = "git+https://github.com/cartridge-gg/cairo-verifier#a29acce9aa3b3f52c8fdabdcb7008dc5db364816"

[[package]]
name = "dojo"
version = "0.4.4"
dependencies = [
 "cairo_verifier",
 "dojo_plugin",
]

[[package]]
name = "dojo_plugin"
version = "0.3.11"
source = "git+https://github.com/dojoengine/dojo?tag=v0.3.11#1e651b5d4d3b79b14a7d8aa29a92062fcb9e6659"
