# Code generated by scarb DO NOT EDIT.
version = 1

[[package]]
name = "katana_account"
version = "0.1.0"
dependencies = [
 "openzeppelin_account",
 "openzeppelin_introspection",
 "openzeppelin_upgrades",
]

[[package]]
name = "katana_messaging"
version = "0.1.0"

[[package]]
name = "katana_misc"
version = "0.1.0"

[[package]]
name = "openzeppelin_account"
version = "1.0.0"
source = "git+https://github.com/OpenZeppelin/cairo-contracts.git?tag=v1.0.0#755ce1adbf8d89ed23fbb8daa328fcbeab7c6424"
dependencies = [
 "openzeppelin_introspection",
 "openzeppelin_utils",
]

[[package]]
name = "openzeppelin_introspection"
version = "1.0.0"
source = "git+https://github.com/OpenZeppelin/cairo-contracts.git?tag=v1.0.0#755ce1adbf8d89ed23fbb8daa328fcbeab7c6424"

[[package]]
name = "openzeppelin_upgrades"
version = "1.0.0"
source = "git+https://github.com/OpenZeppelin/cairo-contracts.git?tag=v1.0.0#755ce1adbf8d89ed23fbb8daa328fcbeab7c6424"

[[package]]
name = "openzeppelin_utils"
version = "1.0.0"
source = "git+https://github.com/OpenZeppelin/cairo-contracts.git?tag=v1.0.0#755ce1adbf8d89ed23fbb8daa328fcbeab7c6424"
