# Code generated by scarb DO NOT EDIT.
version = 1

[[package]]
name = "armory"
version = "0.7.3"
dependencies = [
 "dojo",
]

[[package]]
name = "dojo"
version = "0.7.3"
dependencies = [
 "dojo_plugin",
]

[[package]]
name = "dojo_plugin"
version = "0.7.2"
source = "git+https://github.com/dojoengine/dojo?tag=v0.7.3#e8539d5b199efbd51c89c75da32f6592de5d9262"
