# Code generated by scarb DO NOT EDIT.
version = 1

[[package]]
name = "dojo"
version = "1.7.0"
dependencies = [
 "dojo_macros",
]

[[package]]
name = "dojo_cairo_test"
version = "1.7.0"
dependencies = [
 "dojo",
]

[[package]]
name = "dojo_macros"
version = "1.7.0"

[[package]]
name = "dojo_simple"
version = "1.7.0"
dependencies = [
 "dojo",
 "dojo_cairo_test",
 "dojo_macros",
]
