{
  "name": "dojo-wasm-runtime",
  "version": "1.0.0",
  "lockfileVersion": 3,
  "requires": true,
  "packages": {
    "": {
      "name": "dojo-wasm-runtime",
      "version": "1.0.0",
      "license": "MIT",
      "dependencies": {
        "client-wasm": "file:../wasm/pkg"
      }
    },
    "../wasm/pkg": {
      "version": "0.1.0"
    },
    "node_modules/client-wasm": {
      "resolved": "../wasm/pkg",
      "link": true
    }
  }
}
