# Code generated by scarb DO NOT EDIT.
version = 1

[[package]]
name = "dojo"
version = "1.7.2"
dependencies = [
 "dojo_cairo_macros",
]

[[package]]
name = "dojo_cairo_macros"
version = "1.7.1"

[[package]]
name = "dojo_core_test"
version = "1.7.2"
dependencies = [
 "dojo",
 "dojo_cairo_macros",
 "dojo_snf_test",
 "snforge_std",
]

[[package]]
name = "dojo_snf_test"
version = "1.7.2"
dependencies = [
 "dojo",
 "snforge_std",
]

[[package]]
name = "snforge_scarb_plugin"
version = "0.51.1"
source = "registry+https://scarbs.xyz/"
checksum = "sha256:6783f6990b19ec24f757381e99938d5966df1e7c734ec45e2c7c8133207c8624"

[[package]]
name = "snforge_std"
version = "0.51.1"
source = "registry+https://scarbs.xyz/"
checksum = "sha256:5af23a16bc9d7067cfe99bbbe69118773eb7cc9411b2051513c7c1c6995e57a1"
dependencies = [
 "snforge_scarb_plugin",
]
