# Code generated by scarb DO NOT EDIT.
version = 1

[[package]]
name = "dojo"
version = "1.6.0-alpha.0"
dependencies = [
 "dojo_macros",
]

[[package]]
name = "dojo_core_test"
version = "1.6.0"
dependencies = [
 "dojo",
 "dojo_macros",
 "dojo_snf_test",
 "snforge_std",
]

[[package]]
name = "dojo_macros"
version = "1.6.0"

[[package]]
name = "dojo_snf_test"
version = "1.6.0"
dependencies = [
 "dojo",
 "snforge_std",
]

[[package]]
name = "snforge_scarb_plugin"
version = "0.43.1"
source = "registry+https://scarbs.xyz/"
checksum = "sha256:178e1e2081003ae5e40b5a8574654bed15acbd31cce651d4e74fe2f009bc0122"

[[package]]
name = "snforge_std"
version = "0.43.1"
source = "registry+https://scarbs.xyz/"
checksum = "sha256:17bc65b0abfb9b174784835df173f9c81c9ad39523dba760f30589ef53cf8bb5"
dependencies = [
 "snforge_scarb_plugin",
]
