# Code generated by scarb DO NOT EDIT.
version = 1

[[package]]
name = "dojo"
version = "1.7.0-alpha.3"
dependencies = [
 "dojo_macros",
]

[[package]]
name = "dojo_core_test"
version = "1.7.0-alpha.3"
dependencies = [
 "dojo",
 "dojo_macros",
 "dojo_snf_test",
 "snforge_std",
]

[[package]]
name = "dojo_macros"
version = "1.7.0-alpha.3"

[[package]]
name = "dojo_snf_test"
version = "1.7.0-alpha.3"
dependencies = [
 "dojo",
 "snforge_std",
]

[[package]]
name = "snforge_scarb_plugin"
version = "0.48.1"
source = "registry+https://scarbs.xyz/"
checksum = "sha256:2dd27e8215eea8785b3930e9f452e11b429ca262b1c1fbb071bfc173b9ebc125"

[[package]]
name = "snforge_std"
version = "0.48.1"
source = "registry+https://scarbs.xyz/"
checksum = "sha256:89f759fa685d48ed0ba7152d2ac2eb168da08dfa8b84b2bee96e203dc5b2413e"
dependencies = [
 "snforge_scarb_plugin",
]
