# Code generated by scarb DO NOT EDIT.
version = 1

[[package]]
name = "benches"
version = "1.0.0-rc.0"
dependencies = [
 "dojo",
]

[[package]]
name = "dojo"
version = "1.0.0-rc.0"
source = "git+https://github.com/dojoengine/dojo?tag=v1.0.0-rc.0#f4199aec570a395278b8c8748bc46e2f6be3d0c7"
dependencies = [
 "dojo_plugin",
]

[[package]]
name = "dojo_plugin"
version = "2.9.1"
source = "git+https://github.com/dojoengine/dojo?tag=v1.0.0-rc.0#f4199aec570a395278b8c8748bc46e2f6be3d0c7"
