# Code generated by scarb DO NOT EDIT.
version = 1

[[package]]
name = "benches"
version = "0.3.2"
dependencies = [
 "dojo",
]

[[package]]
name = "dojo"
version = "0.3.2"
source = "git+https://github.com/dojoengine/dojo#0a772af3ec677705042630723c55b421f4fe084d"
dependencies = [
 "dojo_plugin",
]

[[package]]
name = "dojo_plugin"
version = "0.3.2"
